<?xml version="1.0" encoding="utf-8"?>
<Project ToolsVersion="4.0" xmlns="http://schemas.microsoft.com/developer/msbuild/2003">
  <ItemGroup>
    <Filter Include="Quelldateien">
      <UniqueIdentifier>{4FC737F1-C7A5-4376-A066-2A32D752A2FF}</UniqueIdentifier>
      <Extensions>cpp;c;cc;cxx;c++;cppm;ixx;def;odl;idl;hpj;bat;asm;asmx</Extensions>
    </Filter>
    <Filter Include="Headerdateien">
      <UniqueIdentifier>{93995380-89BD-4b04-88EB-625FBE52EBFB}</UniqueIdentifier>
      <Extensions>h;hh;hpp;hxx;h++;hm;inl;inc;ipp;xsd</Extensions>
    </Filter>
    <Filter Include="Ressourcendateien">
      <UniqueIdentifier>{67DA6AB6-F800-4c08-8B7A-83BB121AAD01}</UniqueIdentifier>
      <Extensions>rc;ico;cur;bmp;dlg;rc2;rct;bin;rgs;gif;jpg;jpeg;jpe;resx;tiff;tif;png;wav;mfcribbon-ms</Extensions>
    </Filter>
  </ItemGroup>
  <ItemGroup>
    <ClCompile Include="src\ThargoidKillCounter.cpp">
      <Filter>Quelldateien</Filter>
    </ClCompile>
    <ClCompile Include="src\Functions.cpp">
      <Filter>Quelldateien</Filter>
    </ClCompile>
    <ClCompile Include="src\output\OutputHandler.cpp">
      <Filter>Quelldateien</Filter>
    </ClCompile>
    <ClCompile Include="src\statistic\ThargoidKill.cpp">
      <Filter>Quelldateien</Filter>
    </ClCompile>
    <ClCompile Include="src\EventProcessor.cpp">
      <Filter>Quelldateien</Filter>
    </ClCompile>
    <ClCompile Include="src\JournalProcessor.cpp">
      <Filter>Quelldateien</Filter>
    </ClCompile>
    <ClCompile Include="src\journal\JournalEvent.cpp">
      <Filter>Quelldateien</Filter>
    </ClCompile>
    <ClCompile Include="src\journal\KillBond.cpp">
      <Filter>Quelldateien</Filter>
    </ClCompile>
    <ClCompile Include="src\journal\SupercruiseExit.cpp">
      <Filter>Quelldateien</Filter>
    </ClCompile>
    <ClCompile Include="src\journal\USSDrop.cpp">
      <Filter>Quelldateien</Filter>
    </ClCompile>
    <ClCompile Include="src\statistic\KillCounter.cpp">
      <Filter>Quelldateien</Filter>
    </ClCompile>
    <ClCompile Include="src\LogDirReader.cpp">
      <Filter>Quelldateien</Filter>
    </ClCompile>
    <ClCompile Include="src\LogReader.cpp">
      <Filter>Quelldateien</Filter>
    </ClCompile>
    <ClCompile Include="src\ArgsHandler.cpp">
      <Filter>Quelldateien</Filter>
    </ClCompile>
    <ClCompile Include="src\output\Table.cpp">
      <Filter>Quelldateien</Filter>
    </ClCompile>
    <ClCompile Include="vcpkg.json">
      <Filter>Quelldateien</Filter>
    </ClCompile>
  </ItemGroup>
  <ItemGroup>
    <ClInclude Include="src\Functions.h">
      <Filter>Headerdateien</Filter>
    </ClInclude>
    <ClInclude Include="src\Thargoid.hpp">
      <Filter>Headerdateien</Filter>
    </ClInclude>
    <ClInclude Include="src\output\OutputHandler.h">
      <Filter>Headerdateien</Filter>
    </ClInclude>
    <ClInclude Include="resource.h">
      <Filter>Headerdateien</Filter>
    </ClInclude>
    <ClInclude Include="extrenal\nlohmann\json.hpp">
      <Filter>Headerdateien</Filter>
    </ClInclude>
    <ClInclude Include="extrenal\termcolor\termcolor.hpp">
      <Filter>Headerdateien</Filter>
    </ClInclude>
    <ClInclude Include="src\WorkQueue.hpp">
      <Filter>Headerdateien</Filter>
    </ClInclude>
    <ClInclude Include="src\statistic\ThargoidKill.h">
      <Filter>Headerdateien</Filter>
    </ClInclude>
    <ClInclude Include="src\EventProcessor.h">
      <Filter>Headerdateien</Filter>
    </ClInclude>
    <ClInclude Include="src\JournalProcessor.h">
      <Filter>Headerdateien</Filter>
    </ClInclude>
    <ClInclude Include="src\journal\JournalEvent.h">
      <Filter>Headerdateien</Filter>
    </ClInclude>
    <ClInclude Include="src\journal\JournalEventLib.h">
      <Filter>Headerdateien</Filter>
    </ClInclude>
    <ClInclude Include="src\journal\KillBond.h">
      <Filter>Headerdateien</Filter>
    </ClInclude>
    <ClInclude Include="src\journal\SupercruiseExit.h">
      <Filter>Headerdateien</Filter>
    </ClInclude>
    <ClInclude Include="src\statistic\KillCounter.h">
      <Filter>Headerdateien</Filter>
    </ClInclude>
    <ClInclude Include="src\LogReader.h">
      <Filter>Headerdateien</Filter>
    </ClInclude>
    <ClInclude Include="src\LogDirReader.h">
      <Filter>Headerdateien</Filter>
    </ClInclude>
    <ClInclude Include="src\journal\USSDrop.h">
      <Filter>Headerdateien</Filter>
    </ClInclude>
    <ClInclude Include="src\ArgsHandler.h">
      <Filter>Headerdateien</Filter>
    </ClInclude>
    <ClInclude Include="src\output\Table.h">
      <Filter>Headerdateien</Filter>
    </ClInclude>
  </ItemGroup>
  <ItemGroup>
    <None Include="README.md" />
  </ItemGroup>
  <ItemGroup>
    <ResourceCompile Include="ThargoidKillCounter.rc">
      <Filter>Ressourcendateien</Filter>
    </ResourceCompile>
  </ItemGroup>
  <ItemGroup>
    <Text Include="src\journal\journal examples.txt" />
  </ItemGroup>
  <ItemGroup>
    <Image Include="media\TKC.ico.png">
      <Filter>Ressourcendateien</Filter>
    </Image>
    <Image Include="TKC.ico">
      <Filter>Ressourcendateien</Filter>
    </Image>
  </ItemGroup>
</Project>